// !$*UTF8*$!
{
	archiveVersion = 1;
	classes = {
	};
	objectVersion = 50;
	objects = {

/* Begin PBXBuildFile section */
		58407469246BD1DD00A08F1D /* ViewController.swift in Sources */ = {isa = PBXBuildFile; fileRef = 58407468246BD1DD00A08F1D /* ViewController.swift */; };
		5840746C246BD1DD00A08F1D /* Main.storyboard in Resources */ = {isa = PBXBuildFile; fileRef = 5840746A246BD1DD00A08F1D /* Main.storyboard */; };
		5840746E246BD1E100A08F1D /* Assets.xcassets in Resources */ = {isa = PBXBuildFile; fileRef = 5840746D246BD1E100A08F1D /* Assets.xcassets */; };
		58407471246BD1E100A08F1D /* LaunchScreen.storyboard in Resources */ = {isa = PBXBuildFile; fileRef = 5840746F246BD1E100A08F1D /* LaunchScreen.storyboard */; };
		58407483246C00F300A08F1D /* ImageViewCell.swift in Sources */ = {isa = PBXBuildFile; fileRef = 58407482246C00F300A08F1D /* ImageViewCell.swift */; };
		58407485246C01EE00A08F1D /* ImageViewModelCell.swift in Sources */ = {isa = PBXBuildFile; fileRef = 58407484246C01EE00A08F1D /* ImageViewModelCell.swift */; };
		58407487246C032100A08F1D /* LabelCellViewModel.swift in Sources */ = {isa = PBXBuildFile; fileRef = 58407486246C032100A08F1D /* LabelCellViewModel.swift */; };
		58407489246C038300A08F1D /* LabelCell.swift in Sources */ = {isa = PBXBuildFile; fileRef = 58407488246C038300A08F1D /* LabelCell.swift */; };
		5840748B246C432000A08F1D /* HeaderTableView.swift in Sources */ = {isa = PBXBuildFile; fileRef = 5840748A246C432000A08F1D /* HeaderTableView.swift */; };
		5840748D246C434700A08F1D /* HeaderXib.xib in Resources */ = {isa = PBXBuildFile; fileRef = 5840748C246C434700A08F1D /* HeaderXib.xib */; };
		58D8574D2471026700F58AEB /* BaseListingViewModel.swift in Sources */ = {isa = PBXBuildFile; fileRef = 58D8574A2471026600F58AEB /* BaseListingViewModel.swift */; };
		58D8574E2471026700F58AEB /* BaseTableViewDataSource.swift in Sources */ = {isa = PBXBuildFile; fileRef = 58D8574B2471026700F58AEB /* BaseTableViewDataSource.swift */; };
		58D8574F2471026700F58AEB /* Protocolos.swift in Sources */ = {isa = PBXBuildFile; fileRef = 58D8574C2471026700F58AEB /* Protocolos.swift */; };
		58D857522471082700F58AEB /* SceneDelegate.swift in Sources */ = {isa = PBXBuildFile; fileRef = 58D857512471082700F58AEB /* SceneDelegate.swift */; };
		58D8575A2471091600F58AEB /* AppDelegate.swift in Sources */ = {isa = PBXBuildFile; fileRef = 58D857592471091600F58AEB /* AppDelegate.swift */; };
/* End PBXBuildFile section */

/* Begin PBXCopyFilesBuildPhase section */
		584074B1246C4EDE00A08F1D /* Embed Libraries */ = {
			isa = PBXCopyFilesBuildPhase;
			buildActionMask = 2147483647;
			dstPath = "";
			dstSubfolderSpec = 10;
			files = (
			);
			name = "Embed Libraries";
			runOnlyForDeploymentPostprocessing = 0;
		};
/* End PBXCopyFilesBuildPhase section */

/* Begin PBXFileReference section */
		58407461246BD1DD00A08F1D /* TableViewSingleDataSource.app */ = {isa = PBXFileReference; explicitFileType = wrapper.application; includeInIndex = 0; path = TableViewSingleDataSource.app; sourceTree = BUILT_PRODUCTS_DIR; };
		58407468246BD1DD00A08F1D /* ViewController.swift */ = {isa = PBXFileReference; lastKnownFileType = sourcecode.swift; path = ViewController.swift; sourceTree = "<group>"; };
		5840746B246BD1DD00A08F1D /* Base */ = {isa = PBXFileReference; lastKnownFileType = file.storyboard; name = Base; path = Base.lproj/Main.storyboard; sourceTree = "<group>"; };
		5840746D246BD1E100A08F1D /* Assets.xcassets */ = {isa = PBXFileReference; lastKnownFileType = folder.assetcatalog; path = Assets.xcassets; sourceTree = "<group>"; };
		58407470246BD1E100A08F1D /* Base */ = {isa = PBXFileReference; lastKnownFileType = file.storyboard; name = Base; path = Base.lproj/LaunchScreen.storyboard; sourceTree = "<group>"; };
		58407472246BD1E100A08F1D /* Info.plist */ = {isa = PBXFileReference; lastKnownFileType = text.plist.xml; path = Info.plist; sourceTree = "<group>"; };
		58407482246C00F300A08F1D /* ImageViewCell.swift */ = {isa = PBXFileReference; lastKnownFileType = sourcecode.swift; path = ImageViewCell.swift; sourceTree = "<group>"; };
		58407484246C01EE00A08F1D /* ImageViewModelCell.swift */ = {isa = PBXFileReference; lastKnownFileType = sourcecode.swift; path = ImageViewModelCell.swift; sourceTree = "<group>"; };
		58407486246C032100A08F1D /* LabelCellViewModel.swift */ = {isa = PBXFileReference; lastKnownFileType = sourcecode.swift; path = LabelCellViewModel.swift; sourceTree = "<group>"; };
		58407488246C038300A08F1D /* LabelCell.swift */ = {isa = PBXFileReference; lastKnownFileType = sourcecode.swift; path = LabelCell.swift; sourceTree = "<group>"; };
		5840748A246C432000A08F1D /* HeaderTableView.swift */ = {isa = PBXFileReference; lastKnownFileType = sourcecode.swift; path = HeaderTableView.swift; sourceTree = "<group>"; };
		5840748C246C434700A08F1D /* HeaderXib.xib */ = {isa = PBXFileReference; lastKnownFileType = file.xib; path = HeaderXib.xib; sourceTree = "<group>"; };
		58D8574A2471026600F58AEB /* BaseListingViewModel.swift */ = {isa = PBXFileReference; fileEncoding = 4; lastKnownFileType = sourcecode.swift; path = BaseListingViewModel.swift; sourceTree = "<group>"; };
		58D8574B2471026700F58AEB /* BaseTableViewDataSource.swift */ = {isa = PBXFileReference; fileEncoding = 4; lastKnownFileType = sourcecode.swift; path = BaseTableViewDataSource.swift; sourceTree = "<group>"; };
		58D8574C2471026700F58AEB /* Protocolos.swift */ = {isa = PBXFileReference; fileEncoding = 4; lastKnownFileType = sourcecode.swift; path = Protocolos.swift; sourceTree = "<group>"; };
		58D857512471082700F58AEB /* SceneDelegate.swift */ = {isa = PBXFileReference; fileEncoding = 4; lastKnownFileType = sourcecode.swift; path = SceneDelegate.swift; sourceTree = "<group>"; };
		58D857592471091600F58AEB /* AppDelegate.swift */ = {isa = PBXFileReference; fileEncoding = 4; lastKnownFileType = sourcecode.swift; path = AppDelegate.swift; sourceTree = "<group>"; };
/* End PBXFileReference section */

/* Begin PBXFrameworksBuildPhase section */
		5840745E246BD1DD00A08F1D /* Frameworks */ = {
			isa = PBXFrameworksBuildPhase;
			buildActionMask = 2147483647;
			files = (
			);
			runOnlyForDeploymentPostprocessing = 0;
		};
/* End PBXFrameworksBuildPhase section */

/* Begin PBXGroup section */
		58407458246BD1DD00A08F1D = {
			isa = PBXGroup;
			children = (
				58407463246BD1DD00A08F1D /* TableViewSingleDataSource */,
				58407462246BD1DD00A08F1D /* Products */,
			);
			sourceTree = "<group>";
		};
		58407462246BD1DD00A08F1D /* Products */ = {
			isa = PBXGroup;
			children = (
				58407461246BD1DD00A08F1D /* TableViewSingleDataSource.app */,
			);
			name = Products;
			sourceTree = "<group>";
		};
		58407463246BD1DD00A08F1D /* TableViewSingleDataSource */ = {
			isa = PBXGroup;
			children = (
				58D85758247108F600F58AEB /* Controller */,
				58D85757247108E400F58AEB /* Assets */,
				58D85755247108A300F58AEB /* TableViewHeader */,
				58D857502471075F00F58AEB /* BaseClasses */,
				58407481246C009E00A08F1D /* Cells */,
				58D857512471082700F58AEB /* SceneDelegate.swift */,
				58407472246BD1E100A08F1D /* Info.plist */,
				58D857592471091600F58AEB /* AppDelegate.swift */,
				58D85756247108BB00F58AEB /* Storyboard */,
			);
			path = TableViewSingleDataSource;
			sourceTree = "<group>";
		};
		58407481246C009E00A08F1D /* Cells */ = {
			isa = PBXGroup;
			children = (
				58D857542471089000F58AEB /* LabelCellAndViewModel */,
				58D857532471087800F58AEB /* ImageViewCellAndViewModel */,
			);
			path = Cells;
			sourceTree = "<group>";
		};
		58D857502471075F00F58AEB /* BaseClasses */ = {
			isa = PBXGroup;
			children = (
				58D8574A2471026600F58AEB /* BaseListingViewModel.swift */,
				58D8574B2471026700F58AEB /* BaseTableViewDataSource.swift */,
				58D8574C2471026700F58AEB /* Protocolos.swift */,
			);
			path = BaseClasses;
			sourceTree = "<group>";
		};
		58D857532471087800F58AEB /* ImageViewCellAndViewModel */ = {
			isa = PBXGroup;
			children = (
				58407482246C00F300A08F1D /* ImageViewCell.swift */,
				58407484246C01EE00A08F1D /* ImageViewModelCell.swift */,
			);
			path = ImageViewCellAndViewModel;
			sourceTree = "<group>";
		};
		58D857542471089000F58AEB /* LabelCellAndViewModel */ = {
			isa = PBXGroup;
			children = (
				58407486246C032100A08F1D /* LabelCellViewModel.swift */,
				58407488246C038300A08F1D /* LabelCell.swift */,
			);
			path = LabelCellAndViewModel;
			sourceTree = "<group>";
		};
		58D85755247108A300F58AEB /* TableViewHeader */ = {
			isa = PBXGroup;
			children = (
				5840748A246C432000A08F1D /* HeaderTableView.swift */,
				5840748C246C434700A08F1D /* HeaderXib.xib */,
			);
			path = TableViewHeader;
			sourceTree = "<group>";
		};
		58D85756247108BB00F58AEB /* Storyboard */ = {
			isa = PBXGroup;
			children = (
				5840746A246BD1DD00A08F1D /* Main.storyboard */,
				5840746F246BD1E100A08F1D /* LaunchScreen.storyboard */,
			);
			path = Storyboard;
			sourceTree = "<group>";
		};
		58D85757247108E400F58AEB /* Assets */ = {
			isa = PBXGroup;
			children = (
				5840746D246BD1E100A08F1D /* Assets.xcassets */,
			);
			path = Assets;
			sourceTree = "<group>";
		};
		58D85758247108F600F58AEB /* Controller */ = {
			isa = PBXGroup;
			children = (
				58407468246BD1DD00A08F1D /* ViewController.swift */,
			);
			path = Controller;
			sourceTree = "<group>";
		};
/* End PBXGroup section */

/* Begin PBXNativeTarget section */
		58407460246BD1DD00A08F1D /* TableViewSingleDataSource */ = {
			isa = PBXNativeTarget;
			buildConfigurationList = 58407475246BD1E100A08F1D /* Build configuration list for PBXNativeTarget "TableViewSingleDataSource" */;
			buildPhases = (
				5840745D246BD1DD00A08F1D /* Sources */,
				5840745E246BD1DD00A08F1D /* Frameworks */,
				5840745F246BD1DD00A08F1D /* Resources */,
				584074B1246C4EDE00A08F1D /* Embed Libraries */,
			);
			buildRules = (
			);
			dependencies = (
			);
			name = TableViewSingleDataSource;
			productName = TableViewSingleDataSource;
			productReference = 58407461246BD1DD00A08F1D /* TableViewSingleDataSource.app */;
			productType = "com.apple.product-type.application";
		};
/* End PBXNativeTarget section */

/* Begin PBXProject section */
		58407459246BD1DD00A08F1D /* Project object */ = {
			isa = PBXProject;
			attributes = {
				LastSwiftUpdateCheck = 1130;
				LastUpgradeCheck = 1130;
				ORGANIZATIONNAME = "Varender Singh";
				TargetAttributes = {
					58407460246BD1DD00A08F1D = {
						CreatedOnToolsVersion = 11.3.1;
					};
				};
			};
			buildConfigurationList = 5840745C246BD1DD00A08F1D /* Build configuration list for PBXProject "TableViewSingleDataSource" */;
			compatibilityVersion = "Xcode 9.3";
			developmentRegion = en;
			hasScannedForEncodings = 0;
			knownRegions = (
				en,
				Base,
			);
			mainGroup = 58407458246BD1DD00A08F1D;
			productRefGroup = 58407462246BD1DD00A08F1D /* Products */;
			projectDirPath = "";
			projectRoot = "";
			targets = (
				58407460246BD1DD00A08F1D /* TableViewSingleDataSource */,
			);
		};
/* End PBXProject section */

/* Begin PBXResourcesBuildPhase section */
		5840745F246BD1DD00A08F1D /* Resources */ = {
			isa = PBXResourcesBuildPhase;
			buildActionMask = 2147483647;
			files = (
				58407471246BD1E100A08F1D /* LaunchScreen.storyboard in Resources */,
				5840746E246BD1E100A08F1D /* Assets.xcassets in Resources */,
				5840748D246C434700A08F1D /* HeaderXib.xib in Resources */,
				5840746C246BD1DD00A08F1D /* Main.storyboard in Resources */,
			);
			runOnlyForDeploymentPostprocessing = 0;
		};
/* End PBXResourcesBuildPhase section */

/* Begin PBXSourcesBuildPhase section */
		5840745D246BD1DD00A08F1D /* Sources */ = {
			isa = PBXSourcesBuildPhase;
			buildActionMask = 2147483647;
			files = (
				58D8575A2471091600F58AEB /* AppDelegate.swift in Sources */,
				58407469246BD1DD00A08F1D /* ViewController.swift in Sources */,
				58D8574E2471026700F58AEB /* BaseTableViewDataSource.swift in Sources */,
				58D8574F2471026700F58AEB /* Protocolos.swift in Sources */,
				58407487246C032100A08F1D /* LabelCellViewModel.swift in Sources */,
				5840748B246C432000A08F1D /* HeaderTableView.swift in Sources */,
				58407489246C038300A08F1D /* LabelCell.swift in Sources */,
				58D857522471082700F58AEB /* SceneDelegate.swift in Sources */,
				58D8574D2471026700F58AEB /* BaseListingViewModel.swift in Sources */,
				58407483246C00F300A08F1D /* ImageViewCell.swift in Sources */,
				58407485246C01EE00A08F1D /* ImageViewModelCell.swift in Sources */,
			);
			runOnlyForDeploymentPostprocessing = 0;
		};
/* End PBXSourcesBuildPhase section */

/* Begin PBXVariantGroup section */
		5840746A246BD1DD00A08F1D /* Main.storyboard */ = {
			isa = PBXVariantGroup;
			children = (
				5840746B246BD1DD00A08F1D /* Base */,
			);
			name = Main.storyboard;
			sourceTree = "<group>";
		};
		5840746F246BD1E100A08F1D /* LaunchScreen.storyboard */ = {
			isa = PBXVariantGroup;
			children = (
				58407470246BD1E100A08F1D /* Base */,
			);
			name = LaunchScreen.storyboard;
			sourceTree = "<group>";
		};
/* End PBXVariantGroup section */

/* Begin XCBuildConfiguration section */
		58407473246BD1E100A08F1D /* Debug */ = {
			isa = XCBuildConfiguration;
			buildSettings = {
				ALWAYS_SEARCH_USER_PATHS = NO;
				CLANG_ANALYZER_NONNULL = YES;
				CLANG_ANALYZER_NUMBER_OBJECT_CONVERSION = YES_AGGRESSIVE;
				CLANG_CXX_LANGUAGE_STANDARD = "gnu++14";
				CLANG_CXX_LIBRARY = "libc++";
				CLANG_ENABLE_MODULES = YES;
				CLANG_ENABLE_OBJC_ARC = YES;
				CLANG_ENABLE_OBJC_WEAK = YES;
				CLANG_WARN_BLOCK_CAPTURE_AUTORELEASING = YES;
				CLANG_WARN_BOOL_CONVERSION = YES;
				CLANG_WARN_COMMA = YES;
				CLANG_WARN_CONSTANT_CONVERSION = YES;
				CLANG_WARN_DEPRECATED_OBJC_IMPLEMENTATIONS = YES;
				CLANG_WARN_DIRECT_OBJC_ISA_USAGE = YES_ERROR;
				CLANG_WARN_DOCUMENTATION_COMMENTS = YES;
				CLANG_WARN_EMPTY_BODY = YES;
				CLANG_WARN_ENUM_CONVERSION = YES;
				CLANG_WARN_INFINITE_RECURSION = YES;
				CLANG_WARN_INT_CONVERSION = YES;
				CLANG_WARN_NON_LITERAL_NULL_CONVERSION = YES;
				CLANG_WARN_OBJC_IMPLICIT_RETAIN_SELF = YES;
				CLANG_WARN_OBJC_LITERAL_CONVERSION = YES;
				CLANG_WARN_OBJC_ROOT_CLASS = YES_ERROR;
				CLANG_WARN_RANGE_LOOP_ANALYSIS = YES;
				CLANG_WARN_STRICT_PROTOTYPES = YES;
				CLANG_WARN_SUSPICIOUS_MOVE = YES;
				CLANG_WARN_UNGUARDED_AVAILABILITY = YES_AGGRESSIVE;
				CLANG_WARN_UNREACHABLE_CODE = YES;
				CLANG_WARN__DUPLICATE_METHOD_MATCH = YES;
				COPY_PHASE_STRIP = NO;
				DEBUG_INFORMATION_FORMAT = dwarf;
				ENABLE_STRICT_OBJC_MSGSEND = YES;
				ENABLE_TESTABILITY = YES;
				GCC_C_LANGUAGE_STANDARD = gnu11;
				GCC_DYNAMIC_NO_PIC = NO;
				GCC_NO_COMMON_BLOCKS = YES;
				GCC_OPTIMIZATION_LEVEL = 0;
				GCC_PREPROCESSOR_DEFINITIONS = (
					"DEBUG=1",
					"$(inherited)",
				);
				GCC_WARN_64_TO_32_BIT_CONVERSION = YES;
				GCC_WARN_ABOUT_RETURN_TYPE = YES_ERROR;
				GCC_WARN_UNDECLARED_SELECTOR = YES;
				GCC_WARN_UNINITIALIZED_AUTOS = YES_AGGRESSIVE;
				GCC_WARN_UNUSED_FUNCTION = YES;
				GCC_WARN_UNUSED_VARIABLE = YES;
				IPHONEOS_DEPLOYMENT_TARGET = 13.2;
				MTL_ENABLE_DEBUG_INFO = INCLUDE_SOURCE;
				MTL_FAST_MATH = YES;
				ONLY_ACTIVE_ARCH = YES;
				SDKROOT = iphoneos;
				SWIFT_ACTIVE_COMPILATION_CONDITIONS = DEBUG;
				SWIFT_OPTIMIZATION_LEVEL = "-Onone";
			};
			name = Debug;
		};
		58407474246BD1E100A08F1D /* Release */ = {
			isa = XCBuildConfiguration;
			buildSettings = {
				ALWAYS_SEARCH_USER_PATHS = NO;
				CLANG_ANALYZER_NONNULL = YES;
				CLANG_ANALYZER_NUMBER_OBJECT_CONVERSION = YES_AGGRESSIVE;
				CLANG_CXX_LANGUAGE_STANDARD = "gnu++14";
				CLANG_CXX_LIBRARY = "libc++";
				CLANG_ENABLE_MODULES = YES;
				CLANG_ENABLE_OBJC_ARC = YES;
				CLANG_ENABLE_OBJC_WEAK = YES;
				CLANG_WARN_BLOCK_CAPTURE_AUTORELEASING = YES;
				CLANG_WARN_BOOL_CONVERSION = YES;
				CLANG_WARN_COMMA = YES;
				CLANG_WARN_CONSTANT_CONVERSION = YES;
				CLANG_WARN_DEPRECATED_OBJC_IMPLEMENTATIONS = YES;
				CLANG_WARN_DIRECT_OBJC_ISA_USAGE = YES_ERROR;
				CLANG_WARN_DOCUMENTATION_COMMENTS = YES;
				CLANG_WARN_EMPTY_BODY = YES;
				CLANG_WARN_ENUM_CONVERSION = YES;
				CLANG_WARN_INFINITE_RECURSION = YES;
				CLANG_WARN_INT_CONVERSION = YES;
				CLANG_WARN_NON_LITERAL_NULL_CONVERSION = YES;
				CLANG_WARN_OBJC_IMPLICIT_RETAIN_SELF = YES;
				CLANG_WARN_OBJC_LITERAL_CONVERSION = YES;
				CLANG_WARN_OBJC_ROOT_CLASS = YES_ERROR;
				CLANG_WARN_RANGE_LOOP_ANALYSIS = YES;
				CLANG_WARN_STRICT_PROTOTYPES = YES;
				CLANG_WARN_SUSPICIOUS_MOVE = YES;
				CLANG_WARN_UNGUARDED_AVAILABILITY = YES_AGGRESSIVE;
				CLANG_WARN_UNREACHABLE_CODE = YES;
				CLANG_WARN__DUPLICATE_METHOD_MATCH = YES;
				COPY_PHASE_STRIP = NO;
				DEBUG_INFORMATION_FORMAT = "dwarf-with-dsym";
				ENABLE_NS_ASSERTIONS = NO;
				ENABLE_STRICT_OBJC_MSGSEND = YES;
				GCC_C_LANGUAGE_STANDARD = gnu11;
				GCC_NO_COMMON_BLOCKS = YES;
				GCC_WARN_64_TO_32_BIT_CONVERSION = YES;
				GCC_WARN_ABOUT_RETURN_TYPE = YES_ERROR;
				GCC_WARN_UNDECLARED_SELECTOR = YES;
				GCC_WARN_UNINITIALIZED_AUTOS = YES_AGGRESSIVE;
				GCC_WARN_UNUSED_FUNCTION = YES;
				GCC_WARN_UNUSED_VARIABLE = YES;
				IPHONEOS_DEPLOYMENT_TARGET = 13.2;
				MTL_ENABLE_DEBUG_INFO = NO;
				MTL_FAST_MATH = YES;
				SDKROOT = iphoneos;
				SWIFT_COMPILATION_MODE = wholemodule;
				SWIFT_OPTIMIZATION_LEVEL = "-O";
				VALIDATE_PRODUCT = YES;
			};
			name = Release;
		};
		58407476246BD1E100A08F1D /* Debug */ = {
			isa = XCBuildConfiguration;
			buildSettings = {
				ASSETCATALOG_COMPILER_APPICON_NAME = AppIcon;
				CODE_SIGN_STYLE = Automatic;
				DEVELOPMENT_TEAM = G648K3L942;
				FRAMEWORK_SEARCH_PATHS = (
					"$(inherited)",
					"$(PROJECT_DIR)/TableViewSingleDataSource/Cells",
					"$(PROJECT_DIR)",
					"$(PROJECT_DIR)/TableViewSingleDataSource",
				);
				INFOPLIST_FILE = TableViewSingleDataSource/Info.plist;
				LD_RUNPATH_SEARCH_PATHS = (
					"$(inherited)",
					"@executable_path/Frameworks",
				);
				LIBRARY_SEARCH_PATHS = (
					"$(inherited)",
					"$(PROJECT_DIR)",
				);
				PRODUCT_BUNDLE_IDENTIFIER = NoOrganization.TableViewSingleDataSource;
				PRODUCT_NAME = "$(TARGET_NAME)";
				SWIFT_VERSION = 5.0;
				TARGETED_DEVICE_FAMILY = "1,2";
			};
			name = Debug;
		};
		58407477246BD1E100A08F1D /* Release */ = {
			isa = XCBuildConfiguration;
			buildSettings = {
				ASSETCATALOG_COMPILER_APPICON_NAME = AppIcon;
				CODE_SIGN_STYLE = Automatic;
				DEVELOPMENT_TEAM = G648K3L942;
				FRAMEWORK_SEARCH_PATHS = (
					"$(inherited)",
					"$(PROJECT_DIR)/TableViewSingleDataSource/Cells",
					"$(PROJECT_DIR)",
					"$(PROJECT_DIR)/TableViewSingleDataSource",
				);
				INFOPLIST_FILE = TableViewSingleDataSource/Info.plist;
				LD_RUNPATH_SEARCH_PATHS = (
					"$(inherited)",
					"@executable_path/Frameworks",
				);
				LIBRARY_SEARCH_PATHS = (
					"$(inherited)",
					"$(PROJECT_DIR)",
				);
				PRODUCT_BUNDLE_IDENTIFIER = NoOrganization.TableViewSingleDataSource;
				PRODUCT_NAME = "$(TARGET_NAME)";
				SWIFT_VERSION = 5.0;
				TARGETED_DEVICE_FAMILY = "1,2";
			};
			name = Release;
		};
/* End XCBuildConfiguration section */

/* Begin XCConfigurationList section */
		5840745C246BD1DD00A08F1D /* Build configuration list for PBXProject "TableViewSingleDataSource" */ = {
			isa = XCConfigurationList;
			buildConfigurations = (
				58407473246BD1E100A08F1D /* Debug */,
				58407474246BD1E100A08F1D /* Release */,
			);
			defaultConfigurationIsVisible = 0;
			defaultConfigurationName = Release;
		};
		58407475246BD1E100A08F1D /* Build configuration list for PBXNativeTarget "TableViewSingleDataSource" */ = {
			isa = XCConfigurationList;
			buildConfigurations = (
				58407476246BD1E100A08F1D /* Debug */,
				58407477246BD1E100A08F1D /* Release */,
			);
			defaultConfigurationIsVisible = 0;
			defaultConfigurationName = Release;
		};
/* End XCConfigurationList section */
	};
	rootObject = 58407459246BD1DD00A08F1D /* Project object */;
}
